// !$*UTF8*$!
{
	archiveVersion = 1;
	classes = {
	};
	objectVersion = 56;
	objects = {

/* Begin PBXBuildFile section */
		D82B4D0E2C888D0C0048507C /* FetchController.swift in Sources */ = {isa = PBXBuildFile; fileRef = D82B4D0D2C888D0C0048507C /* FetchController.swift */; };
		D83133812C85EC3200F095EA /* TempPokemon.swift in Sources */ = {isa = PBXBuildFile; fileRef = D83133802C85EC3200F095EA /* TempPokemon.swift */; };
		D834F7942C89DE7D00DD3218 /* PokemonViewModel.swift in Sources */ = {isa = PBXBuildFile; fileRef = D834F7932C89DE7D00DD3218 /* PokemonViewModel.swift */; };
		D85616C72C8F433200D72189 /* Pokemon+Ext.swift in Sources */ = {isa = PBXBuildFile; fileRef = D85616C62C8F433200D72189 /* Pokemon+Ext.swift */; };
		D86132602C95CA4200CEA25E /* FetchedImage.swift in Sources */ = {isa = PBXBuildFile; fileRef = D861325F2C95CA4200CEA25E /* FetchedImage.swift */; };
		D86132622C95D05800CEA25E /* WidgetPokemon.swift in Sources */ = {isa = PBXBuildFile; fileRef = D86132612C95D05800CEA25E /* WidgetPokemon.swift */; };
		D86404942C9718CE00B08080 /* WidgetKit.framework in Frameworks */ = {isa = PBXBuildFile; fileRef = D86404932C9718CD00B08080 /* WidgetKit.framework */; };
		D86404962C9718CE00B08080 /* SwiftUI.framework in Frameworks */ = {isa = PBXBuildFile; fileRef = D86404952C9718CE00B08080 /* SwiftUI.framework */; };
		D86404992C9718CE00B08080 /* CoreDataDex3WidgetBundle.swift in Sources */ = {isa = PBXBuildFile; fileRef = D86404982C9718CE00B08080 /* CoreDataDex3WidgetBundle.swift */; };
		D864049B2C9718CE00B08080 /* CoreDataDex3Widget.swift in Sources */ = {isa = PBXBuildFile; fileRef = D864049A2C9718CE00B08080 /* CoreDataDex3Widget.swift */; };
		D864049D2C9718D200B08080 /* Assets.xcassets in Resources */ = {isa = PBXBuildFile; fileRef = D864049C2C9718D200B08080 /* Assets.xcassets */; };
		D86404A12C9718D200B08080 /* CoreDataDex3WidgetExtension.appex in Embed Foundation Extensions */ = {isa = PBXBuildFile; fileRef = D86404912C9718CD00B08080 /* CoreDataDex3WidgetExtension.appex */; settings = {ATTRIBUTES = (RemoveHeadersOnCopy, ); }; };
		D86404A62C971D4200B08080 /* Assets.xcassets in Resources */ = {isa = PBXBuildFile; fileRef = D8E1FD562C81F29800EE6C5F /* Assets.xcassets */; };
		D86404A72C971E5900B08080 /* CoreDataDex3.xcdatamodeld in Sources */ = {isa = PBXBuildFile; fileRef = D8E1FD5D2C81F29800EE6C5F /* CoreDataDex3.xcdatamodeld */; };
		D86404A82C971F1000B08080 /* SamplePokemon.swift in Sources */ = {isa = PBXBuildFile; fileRef = D8B75F572C8B57B500100C49 /* SamplePokemon.swift */; };
		D86404A92C971F7E00B08080 /* FetchedImage.swift in Sources */ = {isa = PBXBuildFile; fileRef = D861325F2C95CA4200CEA25E /* FetchedImage.swift */; };
		D86404AA2C971FBD00B08080 /* WidgetPokemon.swift in Sources */ = {isa = PBXBuildFile; fileRef = D86132612C95D05800CEA25E /* WidgetPokemon.swift */; };
		D86404AB2C97205200B08080 /* Persistence.swift in Sources */ = {isa = PBXBuildFile; fileRef = D8E1FD5B2C81F29800EE6C5F /* Persistence.swift */; };
		D8B75F562C8B505600100C49 /* PokemonDetail.swift in Sources */ = {isa = PBXBuildFile; fileRef = D8B75F552C8B505600100C49 /* PokemonDetail.swift */; };
		D8B75F582C8B57B500100C49 /* SamplePokemon.swift in Sources */ = {isa = PBXBuildFile; fileRef = D8B75F572C8B57B500100C49 /* SamplePokemon.swift */; };
		D8D228AF2C90749900077BA0 /* Stats.swift in Sources */ = {isa = PBXBuildFile; fileRef = D8D228AE2C90749900077BA0 /* Stats.swift */; };
		D8E1FD532C81F29600EE6C5F /* CoreDataDex3App.swift in Sources */ = {isa = PBXBuildFile; fileRef = D8E1FD522C81F29600EE6C5F /* CoreDataDex3App.swift */; };
		D8E1FD552C81F29600EE6C5F /* ContentView.swift in Sources */ = {isa = PBXBuildFile; fileRef = D8E1FD542C81F29600EE6C5F /* ContentView.swift */; };
		D8E1FD572C81F29800EE6C5F /* Assets.xcassets in Resources */ = {isa = PBXBuildFile; fileRef = D8E1FD562C81F29800EE6C5F /* Assets.xcassets */; };
		D8E1FD5A2C81F29800EE6C5F /* Preview Assets.xcassets in Resources */ = {isa = PBXBuildFile; fileRef = D8E1FD592C81F29800EE6C5F /* Preview Assets.xcassets */; };
		D8E1FD5C2C81F29800EE6C5F /* Persistence.swift in Sources */ = {isa = PBXBuildFile; fileRef = D8E1FD5B2C81F29800EE6C5F /* Persistence.swift */; };
		D8E1FD5F2C81F29800EE6C5F /* CoreDataDex3.xcdatamodeld in Sources */ = {isa = PBXBuildFile; fileRef = D8E1FD5D2C81F29800EE6C5F /* CoreDataDex3.xcdatamodeld */; };
/* End PBXBuildFile section */

/* Begin PBXContainerItemProxy section */
		D864049F2C9718D200B08080 /* PBXContainerItemProxy */ = {
			isa = PBXContainerItemProxy;
			containerPortal = D8E1FD472C81F29600EE6C5F /* Project object */;
			proxyType = 1;
			remoteGlobalIDString = D86404902C9718CD00B08080;
			remoteInfo = CoreDataDex3WidgetExtension;
		};
/* End PBXContainerItemProxy section */

/* Begin PBXCopyFilesBuildPhase section */
		D86404A22C9718D200B08080 /* Embed Foundation Extensions */ = {
			isa = PBXCopyFilesBuildPhase;
			buildActionMask = 2147483647;
			dstPath = "";
			dstSubfolderSpec = 13;
			files = (
				D86404A12C9718D200B08080 /* CoreDataDex3WidgetExtension.appex in Embed Foundation Extensions */,
			);
			name = "Embed Foundation Extensions";
			runOnlyForDeploymentPostprocessing = 0;
		};
/* End PBXCopyFilesBuildPhase section */

/* Begin PBXFileReference section */
		D82B4D0D2C888D0C0048507C /* FetchController.swift */ = {isa = PBXFileReference; lastKnownFileType = sourcecode.swift; path = FetchController.swift; sourceTree = "<group>"; };
		D83133802C85EC3200F095EA /* TempPokemon.swift */ = {isa = PBXFileReference; lastKnownFileType = sourcecode.swift; path = TempPokemon.swift; sourceTree = "<group>"; };
		D834F7932C89DE7D00DD3218 /* PokemonViewModel.swift */ = {isa = PBXFileReference; lastKnownFileType = sourcecode.swift; path = PokemonViewModel.swift; sourceTree = "<group>"; };
		D85616C62C8F433200D72189 /* Pokemon+Ext.swift */ = {isa = PBXFileReference; lastKnownFileType = sourcecode.swift; path = "Pokemon+Ext.swift"; sourceTree = "<group>"; };
		D861325F2C95CA4200CEA25E /* FetchedImage.swift */ = {isa = PBXFileReference; lastKnownFileType = sourcecode.swift; path = FetchedImage.swift; sourceTree = "<group>"; };
		D86132612C95D05800CEA25E /* WidgetPokemon.swift */ = {isa = PBXFileReference; lastKnownFileType = sourcecode.swift; path = WidgetPokemon.swift; sourceTree = "<group>"; };
		D86404912C9718CD00B08080 /* CoreDataDex3WidgetExtension.appex */ = {isa = PBXFileReference; explicitFileType = "wrapper.app-extension"; includeInIndex = 0; path = CoreDataDex3WidgetExtension.appex; sourceTree = BUILT_PRODUCTS_DIR; };
		D86404932C9718CD00B08080 /* WidgetKit.framework */ = {isa = PBXFileReference; lastKnownFileType = wrapper.framework; name = WidgetKit.framework; path = System/Library/Frameworks/WidgetKit.framework; sourceTree = SDKROOT; };
		D86404952C9718CE00B08080 /* SwiftUI.framework */ = {isa = PBXFileReference; lastKnownFileType = wrapper.framework; name = SwiftUI.framework; path = System/Library/Frameworks/SwiftUI.framework; sourceTree = SDKROOT; };
		D86404982C9718CE00B08080 /* CoreDataDex3WidgetBundle.swift */ = {isa = PBXFileReference; lastKnownFileType = sourcecode.swift; path = CoreDataDex3WidgetBundle.swift; sourceTree = "<group>"; };
		D864049A2C9718CE00B08080 /* CoreDataDex3Widget.swift */ = {isa = PBXFileReference; lastKnownFileType = sourcecode.swift; path = CoreDataDex3Widget.swift; sourceTree = "<group>"; };
		D864049C2C9718D200B08080 /* Assets.xcassets */ = {isa = PBXFileReference; lastKnownFileType = folder.assetcatalog; path = Assets.xcassets; sourceTree = "<group>"; };
		D864049E2C9718D200B08080 /* Info.plist */ = {isa = PBXFileReference; lastKnownFileType = text.plist.xml; path = Info.plist; sourceTree = "<group>"; };
		D89BC2DC2C98672D000073FA /* CoreDataDex3.entitlements */ = {isa = PBXFileReference; lastKnownFileType = text.plist.entitlements; path = CoreDataDex3.entitlements; sourceTree = "<group>"; };
		D89BC2DD2C986C26000073FA /* CoreDataDex3WidgetExtension.entitlements */ = {isa = PBXFileReference; lastKnownFileType = text.plist.entitlements; path = CoreDataDex3WidgetExtension.entitlements; sourceTree = "<group>"; };
		D8B75F552C8B505600100C49 /* PokemonDetail.swift */ = {isa = PBXFileReference; lastKnownFileType = sourcecode.swift; path = PokemonDetail.swift; sourceTree = "<group>"; };
		D8B75F572C8B57B500100C49 /* SamplePokemon.swift */ = {isa = PBXFileReference; lastKnownFileType = sourcecode.swift; path = SamplePokemon.swift; sourceTree = "<group>"; };
		D8D228AE2C90749900077BA0 /* Stats.swift */ = {isa = PBXFileReference; lastKnownFileType = sourcecode.swift; path = Stats.swift; sourceTree = "<group>"; };
		D8E1FD4F2C81F29600EE6C5F /* CoreDataDex3.app */ = {isa = PBXFileReference; explicitFileType = wrapper.application; includeInIndex = 0; path = CoreDataDex3.app; sourceTree = BUILT_PRODUCTS_DIR; };
		D8E1FD522C81F29600EE6C5F /* CoreDataDex3App.swift */ = {isa = PBXFileReference; lastKnownFileType = sourcecode.swift; path = CoreDataDex3App.swift; sourceTree = "<group>"; };
		D8E1FD542C81F29600EE6C5F /* ContentView.swift */ = {isa = PBXFileReference; lastKnownFileType = sourcecode.swift; path = ContentView.swift; sourceTree = "<group>"; };
		D8E1FD562C81F29800EE6C5F /* Assets.xcassets */ = {isa = PBXFileReference; lastKnownFileType = folder.assetcatalog; path = Assets.xcassets; sourceTree = "<group>"; };
		D8E1FD592C81F29800EE6C5F /* Preview Assets.xcassets */ = {isa = PBXFileReference; lastKnownFileType = folder.assetcatalog; path = "Preview Assets.xcassets"; sourceTree = "<group>"; };
		D8E1FD5B2C81F29800EE6C5F /* Persistence.swift */ = {isa = PBXFileReference; lastKnownFileType = sourcecode.swift; path = Persistence.swift; sourceTree = "<group>"; };
		D8E1FD5E2C81F29800EE6C5F /* CoreDataDex3.xcdatamodel */ = {isa = PBXFileReference; lastKnownFileType = wrapper.xcdatamodel; path = CoreDataDex3.xcdatamodel; sourceTree = "<group>"; };
/* End PBXFileReference section */

/* Begin PBXFrameworksBuildPhase section */
		D864048E2C9718CD00B08080 /* Frameworks */ = {
			isa = PBXFrameworksBuildPhase;
			buildActionMask = 2147483647;
			files = (
				D86404962C9718CE00B08080 /* SwiftUI.framework in Frameworks */,
				D86404942C9718CE00B08080 /* WidgetKit.framework in Frameworks */,
			);
			runOnlyForDeploymentPostprocessing = 0;
		};
		D8E1FD4C2C81F29600EE6C5F /* Frameworks */ = {
			isa = PBXFrameworksBuildPhase;
			buildActionMask = 2147483647;
			files = (
			);
			runOnlyForDeploymentPostprocessing = 0;
		};
/* End PBXFrameworksBuildPhase section */

/* Begin PBXGroup section */
		D86404922C9718CD00B08080 /* Frameworks */ = {
			isa = PBXGroup;
			children = (
				D86404932C9718CD00B08080 /* WidgetKit.framework */,
				D86404952C9718CE00B08080 /* SwiftUI.framework */,
			);
			name = Frameworks;
			sourceTree = "<group>";
		};
		D86404972C9718CE00B08080 /* CoreDataDex3Widget */ = {
			isa = PBXGroup;
			children = (
				D89BC2DD2C986C26000073FA /* CoreDataDex3WidgetExtension.entitlements */,
				D86404982C9718CE00B08080 /* CoreDataDex3WidgetBundle.swift */,
				D864049A2C9718CE00B08080 /* CoreDataDex3Widget.swift */,
				D864049C2C9718D200B08080 /* Assets.xcassets */,
				D864049E2C9718D200B08080 /* Info.plist */,
			);
			path = CoreDataDex3Widget;
			sourceTree = "<group>";
		};
		D8E1FD462C81F29600EE6C5F = {
			isa = PBXGroup;
			children = (
				D8E1FD512C81F29600EE6C5F /* CoreDataDex3 */,
				D86404972C9718CE00B08080 /* CoreDataDex3Widget */,
				D86404922C9718CD00B08080 /* Frameworks */,
				D8E1FD502C81F29600EE6C5F /* Products */,
			);
			sourceTree = "<group>";
		};
		D8E1FD502C81F29600EE6C5F /* Products */ = {
			isa = PBXGroup;
			children = (
				D8E1FD4F2C81F29600EE6C5F /* CoreDataDex3.app */,
				D86404912C9718CD00B08080 /* CoreDataDex3WidgetExtension.appex */,
			);
			name = Products;
			sourceTree = "<group>";
		};
		D8E1FD512C81F29600EE6C5F /* CoreDataDex3 */ = {
			isa = PBXGroup;
			children = (
				D89BC2DC2C98672D000073FA /* CoreDataDex3.entitlements */,
				D8E1FD522C81F29600EE6C5F /* CoreDataDex3App.swift */,
				D8E1FD542C81F29600EE6C5F /* ContentView.swift */,
				D8B75F552C8B505600100C49 /* PokemonDetail.swift */,
				D8D228AE2C90749900077BA0 /* Stats.swift */,
				D86132612C95D05800CEA25E /* WidgetPokemon.swift */,
				D861325F2C95CA4200CEA25E /* FetchedImage.swift */,
				D8B75F572C8B57B500100C49 /* SamplePokemon.swift */,
				D83133802C85EC3200F095EA /* TempPokemon.swift */,
				D82B4D0D2C888D0C0048507C /* FetchController.swift */,
				D834F7932C89DE7D00DD3218 /* PokemonViewModel.swift */,
				D8E1FD5B2C81F29800EE6C5F /* Persistence.swift */,
				D85616C62C8F433200D72189 /* Pokemon+Ext.swift */,
				D8E1FD5D2C81F29800EE6C5F /* CoreDataDex3.xcdatamodeld */,
				D8E1FD562C81F29800EE6C5F /* Assets.xcassets */,
				D8E1FD582C81F29800EE6C5F /* Preview Content */,
			);
			path = CoreDataDex3;
			sourceTree = "<group>";
		};
		D8E1FD582C81F29800EE6C5F /* Preview Content */ = {
			isa = PBXGroup;
			children = (
				D8E1FD592C81F29800EE6C5F /* Preview Assets.xcassets */,
			);
			path = "Preview Content";
			sourceTree = "<group>";
		};
/* End PBXGroup section */

/* Begin PBXNativeTarget section */
		D86404902C9718CD00B08080 /* CoreDataDex3WidgetExtension */ = {
			isa = PBXNativeTarget;
			buildConfigurationList = D86404A52C9718D200B08080 /* Build configuration list for PBXNativeTarget "CoreDataDex3WidgetExtension" */;
			buildPhases = (
				D864048D2C9718CD00B08080 /* Sources */,
				D864048E2C9718CD00B08080 /* Frameworks */,
				D864048F2C9718CD00B08080 /* Resources */,
			);
			buildRules = (
			);
			dependencies = (
			);
			name = CoreDataDex3WidgetExtension;
			productName = CoreDataDex3WidgetExtension;
			productReference = D86404912C9718CD00B08080 /* CoreDataDex3WidgetExtension.appex */;
			productType = "com.apple.product-type.app-extension";
		};
		D8E1FD4E2C81F29600EE6C5F /* CoreDataDex3 */ = {
			isa = PBXNativeTarget;
			buildConfigurationList = D8E1FD622C81F29800EE6C5F /* Build configuration list for PBXNativeTarget "CoreDataDex3" */;
			buildPhases = (
				D8E1FD4B2C81F29600EE6C5F /* Sources */,
				D8E1FD4C2C81F29600EE6C5F /* Frameworks */,
				D8E1FD4D2C81F29600EE6C5F /* Resources */,
				D86404A22C9718D200B08080 /* Embed Foundation Extensions */,
			);
			buildRules = (
			);
			dependencies = (
				D86404A02C9718D200B08080 /* PBXTargetDependency */,
			);
			name = CoreDataDex3;
			productName = CoreDataDex3;
			productReference = D8E1FD4F2C81F29600EE6C5F /* CoreDataDex3.app */;
			productType = "com.apple.product-type.application";
		};
/* End PBXNativeTarget section */

/* Begin PBXProject section */
		D8E1FD472C81F29600EE6C5F /* Project object */ = {
			isa = PBXProject;
			attributes = {
				BuildIndependentTargetsInParallel = 1;
				LastSwiftUpdateCheck = 1540;
				LastUpgradeCheck = 1540;
				TargetAttributes = {
					D86404902C9718CD00B08080 = {
						CreatedOnToolsVersion = 15.4;
					};
					D8E1FD4E2C81F29600EE6C5F = {
						CreatedOnToolsVersion = 15.4;
					};
				};
			};
			buildConfigurationList = D8E1FD4A2C81F29600EE6C5F /* Build configuration list for PBXProject "CoreDataDex3" */;
			compatibilityVersion = "Xcode 14.0";
			developmentRegion = en;
			hasScannedForEncodings = 0;
			knownRegions = (
				en,
				Base,
			);
			mainGroup = D8E1FD462C81F29600EE6C5F;
			productRefGroup = D8E1FD502C81F29600EE6C5F /* Products */;
			projectDirPath = "";
			projectRoot = "";
			targets = (
				D8E1FD4E2C81F29600EE6C5F /* CoreDataDex3 */,
				D86404902C9718CD00B08080 /* CoreDataDex3WidgetExtension */,
			);
		};
/* End PBXProject section */

/* Begin PBXResourcesBuildPhase section */
		D864048F2C9718CD00B08080 /* Resources */ = {
			isa = PBXResourcesBuildPhase;
			buildActionMask = 2147483647;
			files = (
				D86404A62C971D4200B08080 /* Assets.xcassets in Resources */,
				D864049D2C9718D200B08080 /* Assets.xcassets in Resources */,
			);
			runOnlyForDeploymentPostprocessing = 0;
		};
		D8E1FD4D2C81F29600EE6C5F /* Resources */ = {
			isa = PBXResourcesBuildPhase;
			buildActionMask = 2147483647;
			files = (
				D8E1FD5A2C81F29800EE6C5F /* Preview Assets.xcassets in Resources */,
				D8E1FD572C81F29800EE6C5F /* Assets.xcassets in Resources */,
			);
			runOnlyForDeploymentPostprocessing = 0;
		};
/* End PBXResourcesBuildPhase section */

/* Begin PBXSourcesBuildPhase section */
		D864048D2C9718CD00B08080 /* Sources */ = {
			isa = PBXSourcesBuildPhase;
			buildActionMask = 2147483647;
			files = (
				D864049B2C9718CE00B08080 /* CoreDataDex3Widget.swift in Sources */,
				D86404A82C971F1000B08080 /* SamplePokemon.swift in Sources */,
				D86404A72C971E5900B08080 /* CoreDataDex3.xcdatamodeld in Sources */,
				D86404AB2C97205200B08080 /* Persistence.swift in Sources */,
				D86404AA2C971FBD00B08080 /* WidgetPokemon.swift in Sources */,
				D86404A92C971F7E00B08080 /* FetchedImage.swift in Sources */,
				D86404992C9718CE00B08080 /* CoreDataDex3WidgetBundle.swift in Sources */,
			);
			runOnlyForDeploymentPostprocessing = 0;
		};
		D8E1FD4B2C81F29600EE6C5F /* Sources */ = {
			isa = PBXSourcesBuildPhase;
			buildActionMask = 2147483647;
			files = (
				D8E1FD5F2C81F29800EE6C5F /* CoreDataDex3.xcdatamodeld in Sources */,
				D8D228AF2C90749900077BA0 /* Stats.swift in Sources */,
				D8E1FD5C2C81F29800EE6C5F /* Persistence.swift in Sources */,
				D8B75F562C8B505600100C49 /* PokemonDetail.swift in Sources */,
				D86132622C95D05800CEA25E /* WidgetPokemon.swift in Sources */,
				D85616C72C8F433200D72189 /* Pokemon+Ext.swift in Sources */,
				D82B4D0E2C888D0C0048507C /* FetchController.swift in Sources */,
				D8B75F582C8B57B500100C49 /* SamplePokemon.swift in Sources */,
				D834F7942C89DE7D00DD3218 /* PokemonViewModel.swift in Sources */,
				D83133812C85EC3200F095EA /* TempPokemon.swift in Sources */,
				D8E1FD552C81F29600EE6C5F /* ContentView.swift in Sources */,
				D8E1FD532C81F29600EE6C5F /* CoreDataDex3App.swift in Sources */,
				D86132602C95CA4200CEA25E /* FetchedImage.swift in Sources */,
			);
			runOnlyForDeploymentPostprocessing = 0;
		};
/* End PBXSourcesBuildPhase section */

/* Begin PBXTargetDependency section */
		D86404A02C9718D200B08080 /* PBXTargetDependency */ = {
			isa = PBXTargetDependency;
			target = D86404902C9718CD00B08080 /* CoreDataDex3WidgetExtension */;
			targetProxy = D864049F2C9718D200B08080 /* PBXContainerItemProxy */;
		};
/* End PBXTargetDependency section */

/* Begin XCBuildConfiguration section */
		D86404A32C9718D200B08080 /* Debug */ = {
			isa = XCBuildConfiguration;
			buildSettings = {
				ASSETCATALOG_COMPILER_GLOBAL_ACCENT_COLOR_NAME = AccentColor;
				ASSETCATALOG_COMPILER_WIDGET_BACKGROUND_COLOR_NAME = WidgetBackground;
				CODE_SIGN_ENTITLEMENTS = CoreDataDex3Widget/CoreDataDex3WidgetExtension.entitlements;
				CODE_SIGN_STYLE = Automatic;
				CURRENT_PROJECT_VERSION = 1;
				DEVELOPMENT_TEAM = 6767JQ5J7N;
				GENERATE_INFOPLIST_FILE = YES;
				INFOPLIST_FILE = CoreDataDex3Widget/Info.plist;
				INFOPLIST_KEY_CFBundleDisplayName = CoreDataDex3Widget;
				INFOPLIST_KEY_NSHumanReadableCopyright = "";
				LD_RUNPATH_SEARCH_PATHS = (
					"$(inherited)",
					"@executable_path/Frameworks",
					"@executable_path/../../Frameworks",
				);
				MARKETING_VERSION = 1.0;
				PRODUCT_BUNDLE_IDENTIFIER = com.joe3524.CoreDataDex3.CoreDataDex3Widget;
				PRODUCT_NAME = "$(TARGET_NAME)";
				SKIP_INSTALL = YES;
				SWIFT_EMIT_LOC_STRINGS = YES;
				SWIFT_VERSION = 5.0;
				TARGETED_DEVICE_FAMILY = "1,2";
			};
			name = Debug;
		};
		D86404A42C9718D200B08080 /* Release */ = {
			isa = XCBuildConfiguration;
			buildSettings = {
				ASSETCATALOG_COMPILER_GLOBAL_ACCENT_COLOR_NAME = AccentColor;
				ASSETCATALOG_COMPILER_WIDGET_BACKGROUND_COLOR_NAME = WidgetBackground;
				CODE_SIGN_ENTITLEMENTS = CoreDataDex3Widget/CoreDataDex3WidgetExtension.entitlements;
				CODE_SIGN_STYLE = Automatic;
				CURRENT_PROJECT_VERSION = 1;
				DEVELOPMENT_TEAM = 6767JQ5J7N;
				GENERATE_INFOPLIST_FILE = YES;
				INFOPLIST_FILE = CoreDataDex3Widget/Info.plist;
				INFOPLIST_KEY_CFBundleDisplayName = CoreDataDex3Widget;
				INFOPLIST_KEY_NSHumanReadableCopyright = "";
				LD_RUNPATH_SEARCH_PATHS = (
					"$(inherited)",
					"@executable_path/Frameworks",
					"@executable_path/../../Frameworks",
				);
				MARKETING_VERSION = 1.0;
				PRODUCT_BUNDLE_IDENTIFIER = com.joe3524.CoreDataDex3.CoreDataDex3Widget;
				PRODUCT_NAME = "$(TARGET_NAME)";
				SKIP_INSTALL = YES;
				SWIFT_EMIT_LOC_STRINGS = YES;
				SWIFT_VERSION = 5.0;
				TARGETED_DEVICE_FAMILY = "1,2";
			};
			name = Release;
		};
		D8E1FD602C81F29800EE6C5F /* Debug */ = {
			isa = XCBuildConfiguration;
			buildSettings = {
				ALWAYS_SEARCH_USER_PATHS = NO;
				ASSETCATALOG_COMPILER_GENERATE_SWIFT_ASSET_SYMBOL_EXTENSIONS = YES;
				CLANG_ANALYZER_NONNULL = YES;
				CLANG_ANALYZER_NUMBER_OBJECT_CONVERSION = YES_AGGRESSIVE;
				CLANG_CXX_LANGUAGE_STANDARD = "gnu++20";
				CLANG_ENABLE_MODULES = YES;
				CLANG_ENABLE_OBJC_ARC = YES;
				CLANG_ENABLE_OBJC_WEAK = YES;
				CLANG_WARN_BLOCK_CAPTURE_AUTORELEASING = YES;
				CLANG_WARN_BOOL_CONVERSION = YES;
				CLANG_WARN_COMMA = YES;
				CLANG_WARN_CONSTANT_CONVERSION = YES;
				CLANG_WARN_DEPRECATED_OBJC_IMPLEMENTATIONS = YES;
				CLANG_WARN_DIRECT_OBJC_ISA_USAGE = YES_ERROR;
				CLANG_WARN_DOCUMENTATION_COMMENTS = YES;
				CLANG_WARN_EMPTY_BODY = YES;
				CLANG_WARN_ENUM_CONVERSION = YES;
				CLANG_WARN_INFINITE_RECURSION = YES;
				CLANG_WARN_INT_CONVERSION = YES;
				CLANG_WARN_NON_LITERAL_NULL_CONVERSION = YES;
				CLANG_WARN_OBJC_IMPLICIT_RETAIN_SELF = YES;
				CLANG_WARN_OBJC_LITERAL_CONVERSION = YES;
				CLANG_WARN_OBJC_ROOT_CLASS = YES_ERROR;
				CLANG_WARN_QUOTED_INCLUDE_IN_FRAMEWORK_HEADER = YES;
				CLANG_WARN_RANGE_LOOP_ANALYSIS = YES;
				CLANG_WARN_STRICT_PROTOTYPES = YES;
				CLANG_WARN_SUSPICIOUS_MOVE = YES;
				CLANG_WARN_UNGUARDED_AVAILABILITY = YES_AGGRESSIVE;
				CLANG_WARN_UNREACHABLE_CODE = YES;
				CLANG_WARN__DUPLICATE_METHOD_MATCH = YES;
				COPY_PHASE_STRIP = NO;
				DEBUG_INFORMATION_FORMAT = dwarf;
				ENABLE_STRICT_OBJC_MSGSEND = YES;
				ENABLE_TESTABILITY = YES;
				ENABLE_USER_SCRIPT_SANDBOXING = YES;
				GCC_C_LANGUAGE_STANDARD = gnu17;
				GCC_DYNAMIC_NO_PIC = NO;
				GCC_NO_COMMON_BLOCKS = YES;
				GCC_OPTIMIZATION_LEVEL = 0;
				GCC_PREPROCESSOR_DEFINITIONS = (
					"DEBUG=1",
					"$(inherited)",
				);
				GCC_WARN_64_TO_32_BIT_CONVERSION = YES;
				GCC_WARN_ABOUT_RETURN_TYPE = YES_ERROR;
				GCC_WARN_UNDECLARED_SELECTOR = YES;
				GCC_WARN_UNINITIALIZED_AUTOS = YES_AGGRESSIVE;
				GCC_WARN_UNUSED_FUNCTION = YES;
				GCC_WARN_UNUSED_VARIABLE = YES;
				IPHONEOS_DEPLOYMENT_TARGET = 17.5;
				LOCALIZATION_PREFERS_STRING_CATALOGS = YES;
				MTL_ENABLE_DEBUG_INFO = INCLUDE_SOURCE;
				MTL_FAST_MATH = YES;
				ONLY_ACTIVE_ARCH = YES;
				SDKROOT = iphoneos;
				SWIFT_ACTIVE_COMPILATION_CONDITIONS = "DEBUG $(inherited)";
				SWIFT_OPTIMIZATION_LEVEL = "-Onone";
			};
			name = Debug;
		};
		D8E1FD612C81F29800EE6C5F /* Release */ = {
			isa = XCBuildConfiguration;
			buildSettings = {
				ALWAYS_SEARCH_USER_PATHS = NO;
				ASSETCATALOG_COMPILER_GENERATE_SWIFT_ASSET_SYMBOL_EXTENSIONS = YES;
				CLANG_ANALYZER_NONNULL = YES;
				CLANG_ANALYZER_NUMBER_OBJECT_CONVERSION = YES_AGGRESSIVE;
				CLANG_CXX_LANGUAGE_STANDARD = "gnu++20";
				CLANG_ENABLE_MODULES = YES;
				CLANG_ENABLE_OBJC_ARC = YES;
				CLANG_ENABLE_OBJC_WEAK = YES;
				CLANG_WARN_BLOCK_CAPTURE_AUTORELEASING = YES;
				CLANG_WARN_BOOL_CONVERSION = YES;
				CLANG_WARN_COMMA = YES;
				CLANG_WARN_CONSTANT_CONVERSION = YES;
				CLANG_WARN_DEPRECATED_OBJC_IMPLEMENTATIONS = YES;
				CLANG_WARN_DIRECT_OBJC_ISA_USAGE = YES_ERROR;
				CLANG_WARN_DOCUMENTATION_COMMENTS = YES;
				CLANG_WARN_EMPTY_BODY = YES;
				CLANG_WARN_ENUM_CONVERSION = YES;
				CLANG_WARN_INFINITE_RECURSION = YES;
				CLANG_WARN_INT_CONVERSION = YES;
				CLANG_WARN_NON_LITERAL_NULL_CONVERSION = YES;
				CLANG_WARN_OBJC_IMPLICIT_RETAIN_SELF = YES;
				CLANG_WARN_OBJC_LITERAL_CONVERSION = YES;
				CLANG_WARN_OBJC_ROOT_CLASS = YES_ERROR;
				CLANG_WARN_QUOTED_INCLUDE_IN_FRAMEWORK_HEADER = YES;
				CLANG_WARN_RANGE_LOOP_ANALYSIS = YES;
				CLANG_WARN_STRICT_PROTOTYPES = YES;
				CLANG_WARN_SUSPICIOUS_MOVE = YES;
				CLANG_WARN_UNGUARDED_AVAILABILITY = YES_AGGRESSIVE;
				CLANG_WARN_UNREACHABLE_CODE = YES;
				CLANG_WARN__DUPLICATE_METHOD_MATCH = YES;
				COPY_PHASE_STRIP = NO;
				DEBUG_INFORMATION_FORMAT = "dwarf-with-dsym";
				ENABLE_NS_ASSERTIONS = NO;
				ENABLE_STRICT_OBJC_MSGSEND = YES;
				ENABLE_USER_SCRIPT_SANDBOXING = YES;
				GCC_C_LANGUAGE_STANDARD = gnu17;
				GCC_NO_COMMON_BLOCKS = YES;
				GCC_WARN_64_TO_32_BIT_CONVERSION = YES;
				GCC_WARN_ABOUT_RETURN_TYPE = YES_ERROR;
				GCC_WARN_UNDECLARED_SELECTOR = YES;
				GCC_WARN_UNINITIALIZED_AUTOS = YES_AGGRESSIVE;
				GCC_WARN_UNUSED_FUNCTION = YES;
				GCC_WARN_UNUSED_VARIABLE = YES;
				IPHONEOS_DEPLOYMENT_TARGET = 17.5;
				LOCALIZATION_PREFERS_STRING_CATALOGS = YES;
				MTL_ENABLE_DEBUG_INFO = NO;
				MTL_FAST_MATH = YES;
				SDKROOT = iphoneos;
				SWIFT_COMPILATION_MODE = wholemodule;
				VALIDATE_PRODUCT = YES;
			};
			name = Release;
		};
		D8E1FD632C81F29800EE6C5F /* Debug */ = {
			isa = XCBuildConfiguration;
			buildSettings = {
				ALWAYS_EMBED_SWIFT_STANDARD_LIBRARIES = YES;
				ASSETCATALOG_COMPILER_APPICON_NAME = AppIcon;
				ASSETCATALOG_COMPILER_GLOBAL_ACCENT_COLOR_NAME = AccentColor;
				CODE_SIGN_ENTITLEMENTS = CoreDataDex3/CoreDataDex3.entitlements;
				CODE_SIGN_STYLE = Automatic;
				CURRENT_PROJECT_VERSION = 1;
				DEVELOPMENT_ASSET_PATHS = "\"CoreDataDex3/Preview Content\"";
				DEVELOPMENT_TEAM = 6767JQ5J7N;
				ENABLE_PREVIEWS = YES;
				GENERATE_INFOPLIST_FILE = YES;
				INFOPLIST_KEY_UIApplicationSceneManifest_Generation = YES;
				INFOPLIST_KEY_UIApplicationSupportsIndirectInputEvents = YES;
				INFOPLIST_KEY_UILaunchScreen_Generation = YES;
				INFOPLIST_KEY_UISupportedInterfaceOrientations_iPad = "UIInterfaceOrientationPortrait UIInterfaceOrientationPortraitUpsideDown UIInterfaceOrientationLandscapeLeft UIInterfaceOrientationLandscapeRight";
				INFOPLIST_KEY_UISupportedInterfaceOrientations_iPhone = "UIInterfaceOrientationPortrait UIInterfaceOrientationLandscapeLeft UIInterfaceOrientationLandscapeRight";
				LD_RUNPATH_SEARCH_PATHS = (
					"$(inherited)",
					"@executable_path/Frameworks",
				);
				MARKETING_VERSION = 1.0;
				PRODUCT_BUNDLE_IDENTIFIER = com.joe3524.CoreDataDex3;
				PRODUCT_NAME = "$(TARGET_NAME)";
				SWIFT_EMIT_LOC_STRINGS = YES;
				SWIFT_VERSION = 5.0;
				TARGETED_DEVICE_FAMILY = "1,2";
			};
			name = Debug;
		};
		D8E1FD642C81F29800EE6C5F /* Release */ = {
			isa = XCBuildConfiguration;
			buildSettings = {
				ALWAYS_EMBED_SWIFT_STANDARD_LIBRARIES = YES;
				ASSETCATALOG_COMPILER_APPICON_NAME = AppIcon;
				ASSETCATALOG_COMPILER_GLOBAL_ACCENT_COLOR_NAME = AccentColor;
				CODE_SIGN_ENTITLEMENTS = CoreDataDex3/CoreDataDex3.entitlements;
				CODE_SIGN_STYLE = Automatic;
				CURRENT_PROJECT_VERSION = 1;
				DEVELOPMENT_ASSET_PATHS = "\"CoreDataDex3/Preview Content\"";
				DEVELOPMENT_TEAM = 6767JQ5J7N;
				ENABLE_PREVIEWS = YES;
				GENERATE_INFOPLIST_FILE = YES;
				INFOPLIST_KEY_UIApplicationSceneManifest_Generation = YES;
				INFOPLIST_KEY_UIApplicationSupportsIndirectInputEvents = YES;
				INFOPLIST_KEY_UILaunchScreen_Generation = YES;
				INFOPLIST_KEY_UISupportedInterfaceOrientations_iPad = "UIInterfaceOrientationPortrait UIInterfaceOrientationPortraitUpsideDown UIInterfaceOrientationLandscapeLeft UIInterfaceOrientationLandscapeRight";
				INFOPLIST_KEY_UISupportedInterfaceOrientations_iPhone = "UIInterfaceOrientationPortrait UIInterfaceOrientationLandscapeLeft UIInterfaceOrientationLandscapeRight";
				LD_RUNPATH_SEARCH_PATHS = (
					"$(inherited)",
					"@executable_path/Frameworks",
				);
				MARKETING_VERSION = 1.0;
				PRODUCT_BUNDLE_IDENTIFIER = com.joe3524.CoreDataDex3;
				PRODUCT_NAME = "$(TARGET_NAME)";
				SWIFT_EMIT_LOC_STRINGS = YES;
				SWIFT_VERSION = 5.0;
				TARGETED_DEVICE_FAMILY = "1,2";
			};
			name = Release;
		};
/* End XCBuildConfiguration section */

/* Begin XCConfigurationList section */
		D86404A52C9718D200B08080 /* Build configuration list for PBXNativeTarget "CoreDataDex3WidgetExtension" */ = {
			isa = XCConfigurationList;
			buildConfigurations = (
				D86404A32C9718D200B08080 /* Debug */,
				D86404A42C9718D200B08080 /* Release */,
			);
			defaultConfigurationIsVisible = 0;
			defaultConfigurationName = Release;
		};
		D8E1FD4A2C81F29600EE6C5F /* Build configuration list for PBXProject "CoreDataDex3" */ = {
			isa = XCConfigurationList;
			buildConfigurations = (
				D8E1FD602C81F29800EE6C5F /* Debug */,
				D8E1FD612C81F29800EE6C5F /* Release */,
			);
			defaultConfigurationIsVisible = 0;
			defaultConfigurationName = Release;
		};
		D8E1FD622C81F29800EE6C5F /* Build configuration list for PBXNativeTarget "CoreDataDex3" */ = {
			isa = XCConfigurationList;
			buildConfigurations = (
				D8E1FD632C81F29800EE6C5F /* Debug */,
				D8E1FD642C81F29800EE6C5F /* Release */,
			);
			defaultConfigurationIsVisible = 0;
			defaultConfigurationName = Release;
		};
/* End XCConfigurationList section */

/* Begin XCVersionGroup section */
		D8E1FD5D2C81F29800EE6C5F /* CoreDataDex3.xcdatamodeld */ = {
			isa = XCVersionGroup;
			children = (
				D8E1FD5E2C81F29800EE6C5F /* CoreDataDex3.xcdatamodel */,
			);
			currentVersion = D8E1FD5E2C81F29800EE6C5F /* CoreDataDex3.xcdatamodel */;
			path = CoreDataDex3.xcdatamodeld;
			sourceTree = "<group>";
			versionGroupType = wrapper.xcdatamodel;
		};
/* End XCVersionGroup section */
	};
	rootObject = D8E1FD472C81F29600EE6C5F /* Project object */;
}
